{"1.1.0",
[{<<"certifi">>,{pkg,<<"certifi">>,<<"1.2.1">>},1},
 {<<"cowboy">>,{pkg,<<"cowboy">>,<<"1.1.2">>},0},
 {<<"cowlib">>,{pkg,<<"cowlib">>,<<"1.0.2">>},1},
 {<<"hackney">>,{pkg,<<"hackney">>,<<"1.8.6">>},0},
 {<<"idna">>,{pkg,<<"idna">>,<<"5.0.2">>},1},
 {<<"metrics">>,{pkg,<<"metrics">>,<<"1.0.1">>},1},
 {<<"mimerl">>,{pkg,<<"mimerl">>,<<"1.0.2">>},1},
 {<<"ranch">>,{pkg,<<"ranch">>,<<"1.3.2">>},1},
 {<<"ssl_verify_fun">>,{pkg,<<"ssl_verify_fun">>,<<"1.1.1">>},1},
 {<<"unicode_util_compat">>,{pkg,<<"unicode_util_compat">>,<<"0.2.0">>},2},
 {<<"unistring">>,
  {git,"https://github.com/rambocoder/unistring.git",
       {ref,"5ace62a26a950bc717a0e95f8dbc8846027b9a93"}},
  0}]}.
[
{pkg_hash,[
 {<<"certifi">>, <<"C3904F192BD5284E5B13F20DB3CEAC9626E14EEACFBB492E19583CF0E37B22BE">>},
 {<<"cowboy">>, <<"61AC29EA970389A88ECA5A65601460162D370A70018AFE6F949A29DCA91F3BB0">>},
 {<<"cowlib">>, <<"9D769A1D062C9C3AC753096F868CA121E2730B9A377DE23DEC0F7E08B1DF84EE">>},
 {<<"hackney">>, <<"21A725DB3569B3FB11A6AF17D5C5F654052CE9624219F1317E8639183DE4A423">>},
 {<<"idna">>, <<"AC203208ADA855D95DC591A764B6E87259CB0E2A364218F215AD662DAA8CD6B4">>},
 {<<"metrics">>, <<"25F094DEA2CDA98213CECC3AEFF09E940299D950904393B2A29D191C346A8486">>},
 {<<"mimerl">>, <<"993F9B0E084083405ED8252B99460C4F0563E41729AB42D9074FD5E52439BE88">>},
 {<<"ranch">>, <<"E4965A144DC9FBE70E5C077C65E73C57165416A901BD02EA899CFD95AA890986">>},
 {<<"ssl_verify_fun">>, <<"28A4D65B7F59893BC2C7DE786DEC1E1555BD742D336043FE644AE956C3497FBE">>},
 {<<"unicode_util_compat">>, <<"DBBCCF6781821B1C0701845EAF966C9B6D83D7C3BFC65CA2B78B88B8678BFA35">>}]}
].
